
Microsoft Visual Studio Solution File, Format Version 12.00
# Visual Studio 15
VisualStudioVersion = 15.0.28307.1082
MinimumVisualStudioVersion = 10.0.40219.1
Project("{FAE04EC0-301F-11D3-BF4B-00C04F79EFBC}") = "OgrenciYurduApi", "OgrenciYurduApi\OgrenciYurduApi.csproj", "{75EE69F4-890D-42E1-8959-0822DB4E3081}"
EndProject
Project("{E24C65DC-7377-472B-9ABA-BC803B73C61A}") = "www", "..\..\OgrenciYurduApp\www\", "{2AE7BFB9-2E6E-4571-BF01-EA81854B4E08}"
	ProjectSection(WebsiteProperties) = preProject
		TargetFrameworkMoniker = ".NETFramework,Version%3Dv4.0"
		Debug.AspNetCompiler.VirtualPath = "/localhost_50342"
		Debug.AspNetCompiler.PhysicalPath = "..\..\OgrenciYurduApp\www\"
		Debug.AspNetCompiler.TargetPath = "PrecompiledWeb\localhost_50342\"
		Debug.AspNetCompiler.Updateable = "true"
		Debug.AspNetCompiler.ForceOverwrite = "true"
		Debug.AspNetCompiler.FixedNames = "false"
		Debug.AspNetCompiler.Debug = "True"
		Release.AspNetCompiler.VirtualPath = "/localhost_50342"
		Release.AspNetCompiler.PhysicalPath = "..\..\OgrenciYurduApp\www\"
		Release.AspNetCompiler.TargetPath = "PrecompiledWeb\localhost_50342\"
		Release.AspNetCompiler.Updateable = "true"
		Release.AspNetCompiler.ForceOverwrite = "true"
		Release.AspNetCompiler.FixedNames = "false"
		Release.AspNetCompiler.Debug = "False"
		VWDPort = "50342"
		SlnRelativePath = "..\..\OgrenciYurduApp\www\"
	EndProjectSection
EndProject
Global
	GlobalSection(SolutionConfigurationPlatforms) = preSolution
		Debug|Any CPU = Debug|Any CPU
		Release|Any CPU = Release|Any CPU
	EndGlobalSection
	GlobalSection(ProjectConfigurationPlatforms) = postSolution
		{75EE69F4-890D-42E1-8959-0822DB4E3081}.Debug|Any CPU.ActiveCfg = Debug|Any CPU
		{75EE69F4-890D-42E1-8959-0822DB4E3081}.Debug|Any CPU.Build.0 = Debug|Any CPU
		{75EE69F4-890D-42E1-8959-0822DB4E3081}.Release|Any CPU.ActiveCfg = Release|Any CPU
		{75EE69F4-890D-42E1-8959-0822DB4E3081}.Release|Any CPU.Build.0 = Release|Any CPU
		{2AE7BFB9-2E6E-4571-BF01-EA81854B4E08}.Debug|Any CPU.ActiveCfg = Debug|Any CPU
		{2AE7BFB9-2E6E-4571-BF01-EA81854B4E08}.Debug|Any CPU.Build.0 = Debug|Any CPU
		{2AE7BFB9-2E6E-4571-BF01-EA81854B4E08}.Release|Any CPU.ActiveCfg = Debug|Any CPU
		{2AE7BFB9-2E6E-4571-BF01-EA81854B4E08}.Release|Any CPU.Build.0 = Debug|Any CPU
	EndGlobalSection
	GlobalSection(SolutionProperties) = preSolution
		HideSolutionNode = FALSE
	EndGlobalSection
	GlobalSection(ExtensibilityGlobals) = postSolution
		SolutionGuid = {14F83F53-8B8F-4405-846A-DC25599E2585}
	EndGlobalSection
EndGlobal
